schema: '2.0'
stages:
  define_dataset:
    cmd: python define_dataset.py ../data ./data
    deps:
    - path: ../data
      md5: b11a723c90dc7b0aa89072bd9750945a.dir
      size: 256808
      nfiles: 8
    outs:
    - path: ./data
      md5: 631453a16cb58657493487251e8a6429.dir
      size: 128395
      nfiles: 2
  train_model:
    cmd: python train_model.py ./data model.txt
    deps:
    - path: ./data
      md5: 631453a16cb58657493487251e8a6429.dir
      size: 128395
      nfiles: 2
    outs:
    - path: model.txt
      md5: 6fcbc2288962b69cb93f2a6e3e5a45f4
      size: 67
